// !$*UTF8*$!
{
	archiveVersion = 1;
	classes = {
	};
	objectVersion = 51;
	objects = {

/* Begin PBXBuildFile section */
		4EA842C0DF187290FBE0DE4F /* Pods_Marvel_ITG.framework in Frameworks */ = {isa = PBXBuildFile; fileRef = 8E8C52712E7A553A7FD5DE2E /* Pods_Marvel_ITG.framework */; };
		F2114BB1249D23DB00B82B20 /* AppDelegate.swift in Sources */ = {isa = PBXBuildFile; fileRef = F2114BB0249D23DB00B82B20 /* AppDelegate.swift */; };
		F2114BB3249D23DB00B82B20 /* SceneDelegate.swift in Sources */ = {isa = PBXBuildFile; fileRef = F2114BB2249D23DB00B82B20 /* SceneDelegate.swift */; };
		F2114BB5249D23DB00B82B20 /* ViewController.swift in Sources */ = {isa = PBXBuildFile; fileRef = F2114BB4249D23DB00B82B20 /* ViewController.swift */; };
		F2114BB8249D23DB00B82B20 /* Main.storyboard in Resources */ = {isa = PBXBuildFile; fileRef = F2114BB6249D23DB00B82B20 /* Main.storyboard */; };
		F2114BBA249D23DD00B82B20 /* Assets.xcassets in Resources */ = {isa = PBXBuildFile; fileRef = F2114BB9249D23DD00B82B20 /* Assets.xcassets */; };
		F2114BBD249D23DD00B82B20 /* LaunchScreen.storyboard in Resources */ = {isa = PBXBuildFile; fileRef = F2114BBB249D23DD00B82B20 /* LaunchScreen.storyboard */; };
		F2114BC6249D3EBC00B82B20 /* APIRouter.swift in Sources */ = {isa = PBXBuildFile; fileRef = F2114BC5249D3EBC00B82B20 /* APIRouter.swift */; };
		F2114BC8249D3ED400B82B20 /* APIClient.swift in Sources */ = {isa = PBXBuildFile; fileRef = F2114BC7249D3ED400B82B20 /* APIClient.swift */; };
		F2114BCA249D3EE400B82B20 /* Constants.swift in Sources */ = {isa = PBXBuildFile; fileRef = F2114BC9249D3EE400B82B20 /* Constants.swift */; };
		F2114BCF249D46E300B82B20 /* RootViewController.swift in Sources */ = {isa = PBXBuildFile; fileRef = F2114BCE249D46E300B82B20 /* RootViewController.swift */; };
/* End PBXBuildFile section */

/* Begin PBXFileReference section */
		154254B9670E1BD7896846EC /* Pods-Marvel_ITG.release.xcconfig */ = {isa = PBXFileReference; includeInIndex = 1; lastKnownFileType = text.xcconfig; name = "Pods-Marvel_ITG.release.xcconfig"; path = "Target Support Files/Pods-Marvel_ITG/Pods-Marvel_ITG.release.xcconfig"; sourceTree = "<group>"; };
		7D6D6F53D67638A29735842E /* Pods-Marvel_ITG.debug.xcconfig */ = {isa = PBXFileReference; includeInIndex = 1; lastKnownFileType = text.xcconfig; name = "Pods-Marvel_ITG.debug.xcconfig"; path = "Target Support Files/Pods-Marvel_ITG/Pods-Marvel_ITG.debug.xcconfig"; sourceTree = "<group>"; };
		8E8C52712E7A553A7FD5DE2E /* Pods_Marvel_ITG.framework */ = {isa = PBXFileReference; explicitFileType = wrapper.framework; includeInIndex = 0; path = Pods_Marvel_ITG.framework; sourceTree = BUILT_PRODUCTS_DIR; };
		F2114BAD249D23DB00B82B20 /* Marvel_ITG.app */ = {isa = PBXFileReference; explicitFileType = wrapper.application; includeInIndex = 0; path = Marvel_ITG.app; sourceTree = BUILT_PRODUCTS_DIR; };
		F2114BB0249D23DB00B82B20 /* AppDelegate.swift */ = {isa = PBXFileReference; lastKnownFileType = sourcecode.swift; path = AppDelegate.swift; sourceTree = "<group>"; };
		F2114BB2249D23DB00B82B20 /* SceneDelegate.swift */ = {isa = PBXFileReference; lastKnownFileType = sourcecode.swift; path = SceneDelegate.swift; sourceTree = "<group>"; };
		F2114BB4249D23DB00B82B20 /* ViewController.swift */ = {isa = PBXFileReference; lastKnownFileType = sourcecode.swift; path = ViewController.swift; sourceTree = "<group>"; };
		F2114BB7249D23DB00B82B20 /* Base */ = {isa = PBXFileReference; lastKnownFileType = file.storyboard; name = Base; path = Base.lproj/Main.storyboard; sourceTree = "<group>"; };
		F2114BB9249D23DD00B82B20 /* Assets.xcassets */ = {isa = PBXFileReference; lastKnownFileType = folder.assetcatalog; path = Assets.xcassets; sourceTree = "<group>"; };
		F2114BBC249D23DD00B82B20 /* Base */ = {isa = PBXFileReference; lastKnownFileType = file.storyboard; name = Base; path = Base.lproj/LaunchScreen.storyboard; sourceTree = "<group>"; };
		F2114BBE249D23DD00B82B20 /* Info.plist */ = {isa = PBXFileReference; lastKnownFileType = text.plist.xml; path = Info.plist; sourceTree = "<group>"; };
		F2114BC5249D3EBC00B82B20 /* APIRouter.swift */ = {isa = PBXFileReference; lastKnownFileType = sourcecode.swift; path = APIRouter.swift; sourceTree = "<group>"; };
		F2114BC7249D3ED400B82B20 /* APIClient.swift */ = {isa = PBXFileReference; lastKnownFileType = sourcecode.swift; path = APIClient.swift; sourceTree = "<group>"; };
		F2114BC9249D3EE400B82B20 /* Constants.swift */ = {isa = PBXFileReference; lastKnownFileType = sourcecode.swift; path = Constants.swift; sourceTree = "<group>"; };
		F2114BCE249D46E300B82B20 /* RootViewController.swift */ = {isa = PBXFileReference; lastKnownFileType = sourcecode.swift; path = RootViewController.swift; sourceTree = "<group>"; };
/* End PBXFileReference section */

/* Begin PBXFrameworksBuildPhase section */
		F2114BAA249D23DB00B82B20 /* Frameworks */ = {
			isa = PBXFrameworksBuildPhase;
			buildActionMask = 2147483647;
			files = (
				4EA842C0DF187290FBE0DE4F /* Pods_Marvel_ITG.framework in Frameworks */,
			);
			runOnlyForDeploymentPostprocessing = 0;
		};
/* End PBXFrameworksBuildPhase section */

/* Begin PBXGroup section */
		002DCD0B6DBCE6C9D76ABE3F /* Frameworks */ = {
			isa = PBXGroup;
			children = (
				8E8C52712E7A553A7FD5DE2E /* Pods_Marvel_ITG.framework */,
			);
			name = Frameworks;
			sourceTree = "<group>";
		};
		A104E7C704C47F4D400763FE /* Pods */ = {
			isa = PBXGroup;
			children = (
				7D6D6F53D67638A29735842E /* Pods-Marvel_ITG.debug.xcconfig */,
				154254B9670E1BD7896846EC /* Pods-Marvel_ITG.release.xcconfig */,
			);
			path = Pods;
			sourceTree = "<group>";
		};
		F2114BA4249D23DB00B82B20 = {
			isa = PBXGroup;
			children = (
				F2114BAF249D23DB00B82B20 /* Marvel_ITG */,
				F2114BAE249D23DB00B82B20 /* Products */,
				A104E7C704C47F4D400763FE /* Pods */,
				002DCD0B6DBCE6C9D76ABE3F /* Frameworks */,
			);
			sourceTree = "<group>";
		};
		F2114BAE249D23DB00B82B20 /* Products */ = {
			isa = PBXGroup;
			children = (
				F2114BAD249D23DB00B82B20 /* Marvel_ITG.app */,
			);
			name = Products;
			sourceTree = "<group>";
		};
		F2114BAF249D23DB00B82B20 /* Marvel_ITG */ = {
			isa = PBXGroup;
			children = (
				F2114BCD249D46AD00B82B20 /* View */,
				F2114BCC249D469500B82B20 /* ViewModel */,
				F2114BCB249D43DA00B82B20 /* Model */,
				F2114BC4249D348400B82B20 /* Network */,
				F2114BB0249D23DB00B82B20 /* AppDelegate.swift */,
				F2114BB2249D23DB00B82B20 /* SceneDelegate.swift */,
				F2114BB4249D23DB00B82B20 /* ViewController.swift */,
				F2114BB6249D23DB00B82B20 /* Main.storyboard */,
				F2114BB9249D23DD00B82B20 /* Assets.xcassets */,
				F2114BBB249D23DD00B82B20 /* LaunchScreen.storyboard */,
				F2114BBE249D23DD00B82B20 /* Info.plist */,
			);
			path = Marvel_ITG;
			sourceTree = "<group>";
		};
		F2114BC4249D348400B82B20 /* Network */ = {
			isa = PBXGroup;
			children = (
				F2114BC5249D3EBC00B82B20 /* APIRouter.swift */,
				F2114BC7249D3ED400B82B20 /* APIClient.swift */,
				F2114BC9249D3EE400B82B20 /* Constants.swift */,
			);
			path = Network;
			sourceTree = "<group>";
		};
		F2114BCB249D43DA00B82B20 /* Model */ = {
			isa = PBXGroup;
			children = (
			);
			path = Model;
			sourceTree = "<group>";
		};
		F2114BCC249D469500B82B20 /* ViewModel */ = {
			isa = PBXGroup;
			children = (
			);
			path = ViewModel;
			sourceTree = "<group>";
		};
		F2114BCD249D46AD00B82B20 /* View */ = {
			isa = PBXGroup;
			children = (
				F2114BCE249D46E300B82B20 /* RootViewController.swift */,
			);
			path = View;
			sourceTree = "<group>";
		};
/* End PBXGroup section */

/* Begin PBXNativeTarget section */
		F2114BAC249D23DB00B82B20 /* Marvel_ITG */ = {
			isa = PBXNativeTarget;
			buildConfigurationList = F2114BC1249D23DD00B82B20 /* Build configuration list for PBXNativeTarget "Marvel_ITG" */;
			buildPhases = (
				B33E6816143EE581846730F6 /* [CP] Check Pods Manifest.lock */,
				F2114BA9249D23DB00B82B20 /* Sources */,
				F2114BAA249D23DB00B82B20 /* Frameworks */,
				F2114BAB249D23DB00B82B20 /* Resources */,
				00F79ADA890ED2DB7E2CD76D /* [CP] Embed Pods Frameworks */,
			);
			buildRules = (
			);
			dependencies = (
			);
			name = Marvel_ITG;
			productName = Marvel_ITG;
			productReference = F2114BAD249D23DB00B82B20 /* Marvel_ITG.app */;
			productType = "com.apple.product-type.application";
		};
/* End PBXNativeTarget section */

/* Begin PBXProject section */
		F2114BA5249D23DB00B82B20 /* Project object */ = {
			isa = PBXProject;
			attributes = {
				LastSwiftUpdateCheck = 1140;
				LastUpgradeCheck = 1140;
				TargetAttributes = {
					F2114BAC249D23DB00B82B20 = {
						CreatedOnToolsVersion = 11.4.1;
					};
				};
			};
			buildConfigurationList = F2114BA8249D23DB00B82B20 /* Build configuration list for PBXProject "Marvel_ITG" */;
			compatibilityVersion = "Xcode 9.3";
			developmentRegion = en;
			hasScannedForEncodings = 0;
			knownRegions = (
				en,
				Base,
			);
			mainGroup = F2114BA4249D23DB00B82B20;
			productRefGroup = F2114BAE249D23DB00B82B20 /* Products */;
			projectDirPath = "";
			projectRoot = "";
			targets = (
				F2114BAC249D23DB00B82B20 /* Marvel_ITG */,
			);
		};
/* End PBXProject section */

/* Begin PBXResourcesBuildPhase section */
		F2114BAB249D23DB00B82B20 /* Resources */ = {
			isa = PBXResourcesBuildPhase;
			buildActionMask = 2147483647;
			files = (
				F2114BBD249D23DD00B82B20 /* LaunchScreen.storyboard in Resources */,
				F2114BBA249D23DD00B82B20 /* Assets.xcassets in Resources */,
				F2114BB8249D23DB00B82B20 /* Main.storyboard in Resources */,
			);
			runOnlyForDeploymentPostprocessing = 0;
		};
/* End PBXResourcesBuildPhase section */

/* Begin PBXShellScriptBuildPhase section */
		00F79ADA890ED2DB7E2CD76D /* [CP] Embed Pods Frameworks */ = {
			isa = PBXShellScriptBuildPhase;
			buildActionMask = 2147483647;
			files = (
			);
			inputFileListPaths = (
				"${PODS_ROOT}/Target Support Files/Pods-Marvel_ITG/Pods-Marvel_ITG-frameworks-${CONFIGURATION}-input-files.xcfilelist",
			);
			name = "[CP] Embed Pods Frameworks";
			outputFileListPaths = (
				"${PODS_ROOT}/Target Support Files/Pods-Marvel_ITG/Pods-Marvel_ITG-frameworks-${CONFIGURATION}-output-files.xcfilelist",
			);
			runOnlyForDeploymentPostprocessing = 0;
			shellPath = /bin/sh;
			shellScript = "\"${PODS_ROOT}/Target Support Files/Pods-Marvel_ITG/Pods-Marvel_ITG-frameworks.sh\"\n";
			showEnvVarsInLog = 0;
		};
		B33E6816143EE581846730F6 /* [CP] Check Pods Manifest.lock */ = {
			isa = PBXShellScriptBuildPhase;
			buildActionMask = 2147483647;
			files = (
			);
			inputFileListPaths = (
			);
			inputPaths = (
				"${PODS_PODFILE_DIR_PATH}/Podfile.lock",
				"${PODS_ROOT}/Manifest.lock",
			);
			name = "[CP] Check Pods Manifest.lock";
			outputFileListPaths = (
			);
			outputPaths = (
				"$(DERIVED_FILE_DIR)/Pods-Marvel_ITG-checkManifestLockResult.txt",
			);
			runOnlyForDeploymentPostprocessing = 0;
			shellPath = /bin/sh;
			shellScript = "diff \"${PODS_PODFILE_DIR_PATH}/Podfile.lock\" \"${PODS_ROOT}/Manifest.lock\" > /dev/null\nif [ $? != 0 ] ; then\n    # print error to STDERR\n    echo \"error: The sandbox is not in sync with the Podfile.lock. Run 'pod install' or update your CocoaPods installation.\" >&2\n    exit 1\nfi\n# This output is used by Xcode 'outputs' to avoid re-running this script phase.\necho \"SUCCESS\" > \"${SCRIPT_OUTPUT_FILE_0}\"\n";
			showEnvVarsInLog = 0;
		};
/* End PBXShellScriptBuildPhase section */

/* Begin PBXSourcesBuildPhase section */
		F2114BA9249D23DB00B82B20 /* Sources */ = {
			isa = PBXSourcesBuildPhase;
			buildActionMask = 2147483647;
			files = (
				F2114BB5249D23DB00B82B20 /* ViewController.swift in Sources */,
				F2114BC6249D3EBC00B82B20 /* APIRouter.swift in Sources */,
				F2114BB1249D23DB00B82B20 /* AppDelegate.swift in Sources */,
				F2114BCF249D46E300B82B20 /* RootViewController.swift in Sources */,
				F2114BC8249D3ED400B82B20 /* APIClient.swift in Sources */,
				F2114BB3249D23DB00B82B20 /* SceneDelegate.swift in Sources */,
				F2114BCA249D3EE400B82B20 /* Constants.swift in Sources */,
			);
			runOnlyForDeploymentPostprocessing = 0;
		};
/* End PBXSourcesBuildPhase section */

/* Begin PBXVariantGroup section */
		F2114BB6249D23DB00B82B20 /* Main.storyboard */ = {
			isa = PBXVariantGroup;
			children = (
				F2114BB7249D23DB00B82B20 /* Base */,
			);
			name = Main.storyboard;
			sourceTree = "<group>";
		};
		F2114BBB249D23DD00B82B20 /* LaunchScreen.storyboard */ = {
			isa = PBXVariantGroup;
			children = (
				F2114BBC249D23DD00B82B20 /* Base */,
			);
			name = LaunchScreen.storyboard;
			sourceTree = "<group>";
		};
/* End PBXVariantGroup section */

/* Begin XCBuildConfiguration section */
		F2114BBF249D23DD00B82B20 /* Debug */ = {
			isa = XCBuildConfiguration;
			buildSettings = {
				ALWAYS_SEARCH_USER_PATHS = NO;
				CLANG_ANALYZER_NONNULL = YES;
				CLANG_ANALYZER_NUMBER_OBJECT_CONVERSION = YES_AGGRESSIVE;
				CLANG_CXX_LANGUAGE_STANDARD = "gnu++14";
				CLANG_CXX_LIBRARY = "libc++";
				CLANG_ENABLE_MODULES = YES;
				CLANG_ENABLE_OBJC_ARC = YES;
				CLANG_ENABLE_OBJC_WEAK = YES;
				CLANG_WARN_BLOCK_CAPTURE_AUTORELEASING = YES;
				CLANG_WARN_BOOL_CONVERSION = YES;
				CLANG_WARN_COMMA = YES;
				CLANG_WARN_CONSTANT_CONVERSION = YES;
				CLANG_WARN_DEPRECATED_OBJC_IMPLEMENTATIONS = YES;
				CLANG_WARN_DIRECT_OBJC_ISA_USAGE = YES_ERROR;
				CLANG_WARN_DOCUMENTATION_COMMENTS = YES;
				CLANG_WARN_EMPTY_BODY = YES;
				CLANG_WARN_ENUM_CONVERSION = YES;
				CLANG_WARN_INFINITE_RECURSION = YES;
				CLANG_WARN_INT_CONVERSION = YES;
				CLANG_WARN_NON_LITERAL_NULL_CONVERSION = YES;
				CLANG_WARN_OBJC_IMPLICIT_RETAIN_SELF = YES;
				CLANG_WARN_OBJC_LITERAL_CONVERSION = YES;
				CLANG_WARN_OBJC_ROOT_CLASS = YES_ERROR;
				CLANG_WARN_RANGE_LOOP_ANALYSIS = YES;
				CLANG_WARN_STRICT_PROTOTYPES = YES;
				CLANG_WARN_SUSPICIOUS_MOVE = YES;
				CLANG_WARN_UNGUARDED_AVAILABILITY = YES_AGGRESSIVE;
				CLANG_WARN_UNREACHABLE_CODE = YES;
				CLANG_WARN__DUPLICATE_METHOD_MATCH = YES;
				COPY_PHASE_STRIP = NO;
				DEBUG_INFORMATION_FORMAT = dwarf;
				ENABLE_STRICT_OBJC_MSGSEND = YES;
				ENABLE_TESTABILITY = YES;
				GCC_C_LANGUAGE_STANDARD = gnu11;
				GCC_DYNAMIC_NO_PIC = NO;
				GCC_NO_COMMON_BLOCKS = YES;
				GCC_OPTIMIZATION_LEVEL = 0;
				GCC_PREPROCESSOR_DEFINITIONS = (
					"DEBUG=1",
					"$(inherited)",
				);
				GCC_WARN_64_TO_32_BIT_CONVERSION = YES;
				GCC_WARN_ABOUT_RETURN_TYPE = YES_ERROR;
				GCC_WARN_UNDECLARED_SELECTOR = YES;
				GCC_WARN_UNINITIALIZED_AUTOS = YES_AGGRESSIVE;
				GCC_WARN_UNUSED_FUNCTION = YES;
				GCC_WARN_UNUSED_VARIABLE = YES;
				IPHONEOS_DEPLOYMENT_TARGET = 13.4;
				MTL_ENABLE_DEBUG_INFO = INCLUDE_SOURCE;
				MTL_FAST_MATH = YES;
				ONLY_ACTIVE_ARCH = YES;
				SDKROOT = iphoneos;
				SWIFT_ACTIVE_COMPILATION_CONDITIONS = DEBUG;
				SWIFT_OPTIMIZATION_LEVEL = "-Onone";
			};
			name = Debug;
		};
		F2114BC0249D23DD00B82B20 /* Release */ = {
			isa = XCBuildConfiguration;
			buildSettings = {
				ALWAYS_SEARCH_USER_PATHS = NO;
				CLANG_ANALYZER_NONNULL = YES;
				CLANG_ANALYZER_NUMBER_OBJECT_CONVERSION = YES_AGGRESSIVE;
				CLANG_CXX_LANGUAGE_STANDARD = "gnu++14";
				CLANG_CXX_LIBRARY = "libc++";
				CLANG_ENABLE_MODULES = YES;
				CLANG_ENABLE_OBJC_ARC = YES;
				CLANG_ENABLE_OBJC_WEAK = YES;
				CLANG_WARN_BLOCK_CAPTURE_AUTORELEASING = YES;
				CLANG_WARN_BOOL_CONVERSION = YES;
				CLANG_WARN_COMMA = YES;
				CLANG_WARN_CONSTANT_CONVERSION = YES;
				CLANG_WARN_DEPRECATED_OBJC_IMPLEMENTATIONS = YES;
				CLANG_WARN_DIRECT_OBJC_ISA_USAGE = YES_ERROR;
				CLANG_WARN_DOCUMENTATION_COMMENTS = YES;
				CLANG_WARN_EMPTY_BODY = YES;
				CLANG_WARN_ENUM_CONVERSION = YES;
				CLANG_WARN_INFINITE_RECURSION = YES;
				CLANG_WARN_INT_CONVERSION = YES;
				CLANG_WARN_NON_LITERAL_NULL_CONVERSION = YES;
				CLANG_WARN_OBJC_IMPLICIT_RETAIN_SELF = YES;
				CLANG_WARN_OBJC_LITERAL_CONVERSION = YES;
				CLANG_WARN_OBJC_ROOT_CLASS = YES_ERROR;
				CLANG_WARN_RANGE_LOOP_ANALYSIS = YES;
				CLANG_WARN_STRICT_PROTOTYPES = YES;
				CLANG_WARN_SUSPICIOUS_MOVE = YES;
				CLANG_WARN_UNGUARDED_AVAILABILITY = YES_AGGRESSIVE;
				CLANG_WARN_UNREACHABLE_CODE = YES;
				CLANG_WARN__DUPLICATE_METHOD_MATCH = YES;
				COPY_PHASE_STRIP = NO;
				DEBUG_INFORMATION_FORMAT = "dwarf-with-dsym";
				ENABLE_NS_ASSERTIONS = NO;
				ENABLE_STRICT_OBJC_MSGSEND = YES;
				GCC_C_LANGUAGE_STANDARD = gnu11;
				GCC_NO_COMMON_BLOCKS = YES;
				GCC_WARN_64_TO_32_BIT_CONVERSION = YES;
				GCC_WARN_ABOUT_RETURN_TYPE = YES_ERROR;
				GCC_WARN_UNDECLARED_SELECTOR = YES;
				GCC_WARN_UNINITIALIZED_AUTOS = YES_AGGRESSIVE;
				GCC_WARN_UNUSED_FUNCTION = YES;
				GCC_WARN_UNUSED_VARIABLE = YES;
				IPHONEOS_DEPLOYMENT_TARGET = 13.4;
				MTL_ENABLE_DEBUG_INFO = NO;
				MTL_FAST_MATH = YES;
				SDKROOT = iphoneos;
				SWIFT_COMPILATION_MODE = wholemodule;
				SWIFT_OPTIMIZATION_LEVEL = "-O";
				VALIDATE_PRODUCT = YES;
			};
			name = Release;
		};
		F2114BC2249D23DD00B82B20 /* Debug */ = {
			isa = XCBuildConfiguration;
			baseConfigurationReference = 7D6D6F53D67638A29735842E /* Pods-Marvel_ITG.debug.xcconfig */;
			buildSettings = {
				ASSETCATALOG_COMPILER_APPICON_NAME = AppIcon;
				CODE_SIGN_STYLE = Automatic;
				DEVELOPMENT_TEAM = LGB62TRSZ6;
				INFOPLIST_FILE = Marvel_ITG/Info.plist;
				LD_RUNPATH_SEARCH_PATHS = (
					"$(inherited)",
					"@executable_path/Frameworks",
				);
				PRODUCT_BUNDLE_IDENTIFIER = "EM.Marvel-ITG";
				PRODUCT_NAME = "$(TARGET_NAME)";
				SWIFT_VERSION = 5.0;
				TARGETED_DEVICE_FAMILY = "1,2";
			};
			name = Debug;
		};
		F2114BC3249D23DD00B82B20 /* Release */ = {
			isa = XCBuildConfiguration;
			baseConfigurationReference = 154254B9670E1BD7896846EC /* Pods-Marvel_ITG.release.xcconfig */;
			buildSettings = {
				ASSETCATALOG_COMPILER_APPICON_NAME = AppIcon;
				CODE_SIGN_STYLE = Automatic;
				DEVELOPMENT_TEAM = LGB62TRSZ6;
				INFOPLIST_FILE = Marvel_ITG/Info.plist;
				LD_RUNPATH_SEARCH_PATHS = (
					"$(inherited)",
					"@executable_path/Frameworks",
				);
				PRODUCT_BUNDLE_IDENTIFIER = "EM.Marvel-ITG";
				PRODUCT_NAME = "$(TARGET_NAME)";
				SWIFT_VERSION = 5.0;
				TARGETED_DEVICE_FAMILY = "1,2";
			};
			name = Release;
		};
/* End XCBuildConfiguration section */

/* Begin XCConfigurationList section */
		F2114BA8249D23DB00B82B20 /* Build configuration list for PBXProject "Marvel_ITG" */ = {
			isa = XCConfigurationList;
			buildConfigurations = (
				F2114BBF249D23DD00B82B20 /* Debug */,
				F2114BC0249D23DD00B82B20 /* Release */,
			);
			defaultConfigurationIsVisible = 0;
			defaultConfigurationName = Release;
		};
		F2114BC1249D23DD00B82B20 /* Build configuration list for PBXNativeTarget "Marvel_ITG" */ = {
			isa = XCConfigurationList;
			buildConfigurations = (
				F2114BC2249D23DD00B82B20 /* Debug */,
				F2114BC3249D23DD00B82B20 /* Release */,
			);
			defaultConfigurationIsVisible = 0;
			defaultConfigurationName = Release;
		};
/* End XCConfigurationList section */
	};
	rootObject = F2114BA5249D23DB00B82B20 /* Project object */;
}
