// !$*UTF8*$!
{
	archiveVersion = 1;
	classes = {
	};
	objectVersion = 51;
	objects = {

/* Begin PBXBuildFile section */
		4EA842C0DF187290FBE0DE4F /* Pods_Marvel_ITG.framework in Frameworks */ = {isa = PBXBuildFile; fileRef = 8E8C52712E7A553A7FD5DE2E /* Pods_Marvel_ITG.framework */; };
		F2114BB1249D23DB00B82B20 /* AppDelegate.swift in Sources */ = {isa = PBXBuildFile; fileRef = F2114BB0249D23DB00B82B20 /* AppDelegate.swift */; };
		F2114BB3249D23DB00B82B20 /* SceneDelegate.swift in Sources */ = {isa = PBXBuildFile; fileRef = F2114BB2249D23DB00B82B20 /* SceneDelegate.swift */; };
		F2114BB8249D23DB00B82B20 /* Main.storyboard in Resources */ = {isa = PBXBuildFile; fileRef = F2114BB6249D23DB00B82B20 /* Main.storyboard */; };
		F2114BBA249D23DD00B82B20 /* Assets.xcassets in Resources */ = {isa = PBXBuildFile; fileRef = F2114BB9249D23DD00B82B20 /* Assets.xcassets */; };
		F2114BBD249D23DD00B82B20 /* LaunchScreen.storyboard in Resources */ = {isa = PBXBuildFile; fileRef = F2114BBB249D23DD00B82B20 /* LaunchScreen.storyboard */; };
		F2114BC6249D3EBC00B82B20 /* APIRouter.swift in Sources */ = {isa = PBXBuildFile; fileRef = F2114BC5249D3EBC00B82B20 /* APIRouter.swift */; };
		F2114BC8249D3ED400B82B20 /* APIClient.swift in Sources */ = {isa = PBXBuildFile; fileRef = F2114BC7249D3ED400B82B20 /* APIClient.swift */; };
		F2114BCA249D3EE400B82B20 /* Constants.swift in Sources */ = {isa = PBXBuildFile; fileRef = F2114BC9249D3EE400B82B20 /* Constants.swift */; };
		F2114BCF249D46E300B82B20 /* RootViewController.swift in Sources */ = {isa = PBXBuildFile; fileRef = F2114BCE249D46E300B82B20 /* RootViewController.swift */; };
		F2114BD1249D4B6200B82B20 /* Character.swift in Sources */ = {isa = PBXBuildFile; fileRef = F2114BD0249D4B6200B82B20 /* Character.swift */; };
		F2114BD3249D4D7F00B82B20 /* ShowType.swift in Sources */ = {isa = PBXBuildFile; fileRef = F2114BD2249D4D7F00B82B20 /* ShowType.swift */; };
		F2114BD5249D4DA200B82B20 /* Image.swift in Sources */ = {isa = PBXBuildFile; fileRef = F2114BD4249D4DA200B82B20 /* Image.swift */; };
		F2114BDA249D5CDB00B82B20 /* SplashViewController.swift in Sources */ = {isa = PBXBuildFile; fileRef = F2114BD9249D5CDB00B82B20 /* SplashViewController.swift */; };
		F2114BDC249D5E0300B82B20 /* SplashScreen.storyboard in Resources */ = {isa = PBXBuildFile; fileRef = F2114BDB249D5E0300B82B20 /* SplashScreen.storyboard */; };
		F219F3FD249FA2A3007517D1 /* CharacterR.swift in Sources */ = {isa = PBXBuildFile; fileRef = F219F3FC249FA2A3007517D1 /* CharacterR.swift */; };
		F219F3FF249FA359007517D1 /* RealmSingletoneManager.swift in Sources */ = {isa = PBXBuildFile; fileRef = F219F3FE249FA359007517D1 /* RealmSingletoneManager.swift */; };
		F219F401249FA5B0007517D1 /* ImageR.swift in Sources */ = {isa = PBXBuildFile; fileRef = F219F400249FA5B0007517D1 /* ImageR.swift */; };
		F219F404249FCDAE007517D1 /* Secrets.example.plist in Resources */ = {isa = PBXBuildFile; fileRef = F219F403249FCDAE007517D1 /* Secrets.example.plist */; };
		F219F406249FCDBA007517D1 /* Secrets.plist in Resources */ = {isa = PBXBuildFile; fileRef = F219F405249FCDB9007517D1 /* Secrets.plist */; };
		F219F408249FCE4D007517D1 /* AccessToApiKeys.swift in Sources */ = {isa = PBXBuildFile; fileRef = F219F407249FCE4C007517D1 /* AccessToApiKeys.swift */; };
		F25ACA0E249F411800DF2D5A /* CardPagingLayout.swift in Sources */ = {isa = PBXBuildFile; fileRef = F25ACA0D249F411800DF2D5A /* CardPagingLayout.swift */; };
		F25ACA10249F436A00DF2D5A /* ShowImageViewController.swift in Sources */ = {isa = PBXBuildFile; fileRef = F25ACA0F249F436A00DF2D5A /* ShowImageViewController.swift */; };
		F25ACA12249F44A100DF2D5A /* ShowImageViewModel.swift in Sources */ = {isa = PBXBuildFile; fileRef = F25ACA11249F44A100DF2D5A /* ShowImageViewModel.swift */; };
		F25ACA14249F472900DF2D5A /* FullScreenImageCell.swift in Sources */ = {isa = PBXBuildFile; fileRef = F25ACA13249F472900DF2D5A /* FullScreenImageCell.swift */; };
		F25ACA16249F5F7500DF2D5A /* LoadingView.xib in Resources */ = {isa = PBXBuildFile; fileRef = F25ACA15249F5F7500DF2D5A /* LoadingView.xib */; };
		F25ACA1A249F6F9A00DF2D5A /* SearchViewController.swift in Sources */ = {isa = PBXBuildFile; fileRef = F25ACA19249F6F9A00DF2D5A /* SearchViewController.swift */; };
		F25ACA1C249F6FBF00DF2D5A /* SearchCell.swift in Sources */ = {isa = PBXBuildFile; fileRef = F25ACA1B249F6FBF00DF2D5A /* SearchCell.swift */; };
		F25ACA1F249F70C100DF2D5A /* SearchViewModel.swift in Sources */ = {isa = PBXBuildFile; fileRef = F25ACA1E249F70C100DF2D5A /* SearchViewModel.swift */; };
		F2801EA1249DAE2000223B82 /* CharacterResponse.swift in Sources */ = {isa = PBXBuildFile; fileRef = F2801EA0249DAE2000223B82 /* CharacterResponse.swift */; };
		F2801EA3249DAE4400223B82 /* CharacterData.swift in Sources */ = {isa = PBXBuildFile; fileRef = F2801EA2249DAE4400223B82 /* CharacterData.swift */; };
		F2801EA6249DB11F00223B82 /* ShowTypes.swift in Sources */ = {isa = PBXBuildFile; fileRef = F2801EA5249DB11F00223B82 /* ShowTypes.swift */; };
		F2801EAC249DC73600223B82 /* DetailsViewController.swift in Sources */ = {isa = PBXBuildFile; fileRef = F2801EAB249DC73600223B82 /* DetailsViewController.swift */; };
		F2801EAE249DC76000223B82 /* DetailsViewModel.swift in Sources */ = {isa = PBXBuildFile; fileRef = F2801EAD249DC76000223B82 /* DetailsViewModel.swift */; };
		F2801EB0249DC7F100223B82 /* DetailsHeaderView.swift in Sources */ = {isa = PBXBuildFile; fileRef = F2801EAF249DC7F100223B82 /* DetailsHeaderView.swift */; };
		F2801EB3249DDE4000223B82 /* ShowDetailsCell.swift in Sources */ = {isa = PBXBuildFile; fileRef = F2801EB1249DDE4000223B82 /* ShowDetailsCell.swift */; };
		F2801EB4249DDE4000223B82 /* ShowDetailsCell.xib in Resources */ = {isa = PBXBuildFile; fileRef = F2801EB2249DDE4000223B82 /* ShowDetailsCell.xib */; };
		F2801EB9249DEEB700223B82 /* ShowCell.swift in Sources */ = {isa = PBXBuildFile; fileRef = F2801EB7249DEEB700223B82 /* ShowCell.swift */; };
		F2801EBA249DEEB700223B82 /* ShowCell.xib in Resources */ = {isa = PBXBuildFile; fileRef = F2801EB8249DEEB700223B82 /* ShowCell.xib */; };
		F2801EBC249E033700223B82 /* CollectionResponseData.swift in Sources */ = {isa = PBXBuildFile; fileRef = F2801EBB249E033700223B82 /* CollectionResponseData.swift */; };
		F2801EBE249E037700223B82 /* CollectionData.swift in Sources */ = {isa = PBXBuildFile; fileRef = F2801EBD249E037700223B82 /* CollectionData.swift */; };
		F285D994249D6D2100B0D87A /* TitleCustomView.swift in Sources */ = {isa = PBXBuildFile; fileRef = F285D993249D6D2100B0D87A /* TitleCustomView.swift */; };
		F285D996249D6DEA00B0D87A /* CharacterViewController.swift in Sources */ = {isa = PBXBuildFile; fileRef = F285D995249D6DEA00B0D87A /* CharacterViewController.swift */; };
		F285D998249D6EAB00B0D87A /* CharacterCell.swift in Sources */ = {isa = PBXBuildFile; fileRef = F285D997249D6EAB00B0D87A /* CharacterCell.swift */; };
		F285D99A249D726200B0D87A /* DictionaryExtention.swift in Sources */ = {isa = PBXBuildFile; fileRef = F285D999249D726200B0D87A /* DictionaryExtention.swift */; };
		F285D9A0249D7C6B00B0D87A /* CharacterViewModel.swift in Sources */ = {isa = PBXBuildFile; fileRef = F285D99F249D7C6B00B0D87A /* CharacterViewModel.swift */; };
/* End PBXBuildFile section */

/* Begin PBXFileReference section */
		154254B9670E1BD7896846EC /* Pods-Marvel_ITG.release.xcconfig */ = {isa = PBXFileReference; includeInIndex = 1; lastKnownFileType = text.xcconfig; name = "Pods-Marvel_ITG.release.xcconfig"; path = "Target Support Files/Pods-Marvel_ITG/Pods-Marvel_ITG.release.xcconfig"; sourceTree = "<group>"; };
		7D6D6F53D67638A29735842E /* Pods-Marvel_ITG.debug.xcconfig */ = {isa = PBXFileReference; includeInIndex = 1; lastKnownFileType = text.xcconfig; name = "Pods-Marvel_ITG.debug.xcconfig"; path = "Target Support Files/Pods-Marvel_ITG/Pods-Marvel_ITG.debug.xcconfig"; sourceTree = "<group>"; };
		8E8C52712E7A553A7FD5DE2E /* Pods_Marvel_ITG.framework */ = {isa = PBXFileReference; explicitFileType = wrapper.framework; includeInIndex = 0; path = Pods_Marvel_ITG.framework; sourceTree = BUILT_PRODUCTS_DIR; };
		F2114BAD249D23DB00B82B20 /* Marvel_ITG.app */ = {isa = PBXFileReference; explicitFileType = wrapper.application; includeInIndex = 0; path = Marvel_ITG.app; sourceTree = BUILT_PRODUCTS_DIR; };
		F2114BB0249D23DB00B82B20 /* AppDelegate.swift */ = {isa = PBXFileReference; lastKnownFileType = sourcecode.swift; path = AppDelegate.swift; sourceTree = "<group>"; };
		F2114BB2249D23DB00B82B20 /* SceneDelegate.swift */ = {isa = PBXFileReference; lastKnownFileType = sourcecode.swift; path = SceneDelegate.swift; sourceTree = "<group>"; };
		F2114BB7249D23DB00B82B20 /* Base */ = {isa = PBXFileReference; lastKnownFileType = file.storyboard; name = Base; path = Base.lproj/Main.storyboard; sourceTree = "<group>"; };
		F2114BB9249D23DD00B82B20 /* Assets.xcassets */ = {isa = PBXFileReference; lastKnownFileType = folder.assetcatalog; path = Assets.xcassets; sourceTree = "<group>"; };
		F2114BBC249D23DD00B82B20 /* Base */ = {isa = PBXFileReference; lastKnownFileType = file.storyboard; name = Base; path = Base.lproj/LaunchScreen.storyboard; sourceTree = "<group>"; };
		F2114BBE249D23DD00B82B20 /* Info.plist */ = {isa = PBXFileReference; lastKnownFileType = text.plist.xml; path = Info.plist; sourceTree = "<group>"; };
		F2114BC5249D3EBC00B82B20 /* APIRouter.swift */ = {isa = PBXFileReference; lastKnownFileType = sourcecode.swift; path = APIRouter.swift; sourceTree = "<group>"; };
		F2114BC7249D3ED400B82B20 /* APIClient.swift */ = {isa = PBXFileReference; lastKnownFileType = sourcecode.swift; path = APIClient.swift; sourceTree = "<group>"; };
		F2114BC9249D3EE400B82B20 /* Constants.swift */ = {isa = PBXFileReference; lastKnownFileType = sourcecode.swift; path = Constants.swift; sourceTree = "<group>"; };
		F2114BCE249D46E300B82B20 /* RootViewController.swift */ = {isa = PBXFileReference; lastKnownFileType = sourcecode.swift; path = RootViewController.swift; sourceTree = "<group>"; };
		F2114BD0249D4B6200B82B20 /* Character.swift */ = {isa = PBXFileReference; lastKnownFileType = sourcecode.swift; path = Character.swift; sourceTree = "<group>"; };
		F2114BD2249D4D7F00B82B20 /* ShowType.swift */ = {isa = PBXFileReference; lastKnownFileType = sourcecode.swift; path = ShowType.swift; sourceTree = "<group>"; };
		F2114BD4249D4DA200B82B20 /* Image.swift */ = {isa = PBXFileReference; lastKnownFileType = sourcecode.swift; path = Image.swift; sourceTree = "<group>"; };
		F2114BD9249D5CDB00B82B20 /* SplashViewController.swift */ = {isa = PBXFileReference; lastKnownFileType = sourcecode.swift; path = SplashViewController.swift; sourceTree = "<group>"; };
		F2114BDB249D5E0300B82B20 /* SplashScreen.storyboard */ = {isa = PBXFileReference; lastKnownFileType = file.storyboard; path = SplashScreen.storyboard; sourceTree = "<group>"; };
		F219F3FC249FA2A3007517D1 /* CharacterR.swift */ = {isa = PBXFileReference; lastKnownFileType = sourcecode.swift; path = CharacterR.swift; sourceTree = "<group>"; };
		F219F3FE249FA359007517D1 /* RealmSingletoneManager.swift */ = {isa = PBXFileReference; lastKnownFileType = sourcecode.swift; path = RealmSingletoneManager.swift; sourceTree = "<group>"; };
		F219F400249FA5B0007517D1 /* ImageR.swift */ = {isa = PBXFileReference; lastKnownFileType = sourcecode.swift; path = ImageR.swift; sourceTree = "<group>"; };
		F219F403249FCDAE007517D1 /* Secrets.example.plist */ = {isa = PBXFileReference; fileEncoding = 4; lastKnownFileType = text.plist.xml; path = Secrets.example.plist; sourceTree = "<group>"; };
		F219F405249FCDB9007517D1 /* Secrets.plist */ = {isa = PBXFileReference; fileEncoding = 4; lastKnownFileType = text.plist.xml; path = Secrets.plist; sourceTree = "<group>"; };
		F219F407249FCE4C007517D1 /* AccessToApiKeys.swift */ = {isa = PBXFileReference; fileEncoding = 4; lastKnownFileType = sourcecode.swift; path = AccessToApiKeys.swift; sourceTree = "<group>"; };
		F25ACA0D249F411800DF2D5A /* CardPagingLayout.swift */ = {isa = PBXFileReference; lastKnownFileType = sourcecode.swift; path = CardPagingLayout.swift; sourceTree = "<group>"; };
		F25ACA0F249F436A00DF2D5A /* ShowImageViewController.swift */ = {isa = PBXFileReference; lastKnownFileType = sourcecode.swift; path = ShowImageViewController.swift; sourceTree = "<group>"; };
		F25ACA11249F44A100DF2D5A /* ShowImageViewModel.swift */ = {isa = PBXFileReference; lastKnownFileType = sourcecode.swift; path = ShowImageViewModel.swift; sourceTree = "<group>"; };
		F25ACA13249F472900DF2D5A /* FullScreenImageCell.swift */ = {isa = PBXFileReference; lastKnownFileType = sourcecode.swift; path = FullScreenImageCell.swift; sourceTree = "<group>"; };
		F25ACA15249F5F7500DF2D5A /* LoadingView.xib */ = {isa = PBXFileReference; lastKnownFileType = file.xib; path = LoadingView.xib; sourceTree = "<group>"; };
		F25ACA19249F6F9A00DF2D5A /* SearchViewController.swift */ = {isa = PBXFileReference; lastKnownFileType = sourcecode.swift; path = SearchViewController.swift; sourceTree = "<group>"; };
		F25ACA1B249F6FBF00DF2D5A /* SearchCell.swift */ = {isa = PBXFileReference; lastKnownFileType = sourcecode.swift; path = SearchCell.swift; sourceTree = "<group>"; };
		F25ACA1E249F70C100DF2D5A /* SearchViewModel.swift */ = {isa = PBXFileReference; lastKnownFileType = sourcecode.swift; path = SearchViewModel.swift; sourceTree = "<group>"; };
		F2801EA0249DAE2000223B82 /* CharacterResponse.swift */ = {isa = PBXFileReference; lastKnownFileType = sourcecode.swift; path = CharacterResponse.swift; sourceTree = "<group>"; };
		F2801EA2249DAE4400223B82 /* CharacterData.swift */ = {isa = PBXFileReference; lastKnownFileType = sourcecode.swift; path = CharacterData.swift; sourceTree = "<group>"; };
		F2801EA5249DB11F00223B82 /* ShowTypes.swift */ = {isa = PBXFileReference; lastKnownFileType = sourcecode.swift; path = ShowTypes.swift; sourceTree = "<group>"; };
		F2801EAB249DC73600223B82 /* DetailsViewController.swift */ = {isa = PBXFileReference; lastKnownFileType = sourcecode.swift; path = DetailsViewController.swift; sourceTree = "<group>"; };
		F2801EAD249DC76000223B82 /* DetailsViewModel.swift */ = {isa = PBXFileReference; lastKnownFileType = sourcecode.swift; path = DetailsViewModel.swift; sourceTree = "<group>"; };
		F2801EAF249DC7F100223B82 /* DetailsHeaderView.swift */ = {isa = PBXFileReference; lastKnownFileType = sourcecode.swift; path = DetailsHeaderView.swift; sourceTree = "<group>"; };
		F2801EB1249DDE4000223B82 /* ShowDetailsCell.swift */ = {isa = PBXFileReference; lastKnownFileType = sourcecode.swift; path = ShowDetailsCell.swift; sourceTree = "<group>"; };
		F2801EB2249DDE4000223B82 /* ShowDetailsCell.xib */ = {isa = PBXFileReference; lastKnownFileType = file.xib; path = ShowDetailsCell.xib; sourceTree = "<group>"; };
		F2801EB7249DEEB700223B82 /* ShowCell.swift */ = {isa = PBXFileReference; lastKnownFileType = sourcecode.swift; path = ShowCell.swift; sourceTree = "<group>"; };
		F2801EB8249DEEB700223B82 /* ShowCell.xib */ = {isa = PBXFileReference; lastKnownFileType = file.xib; path = ShowCell.xib; sourceTree = "<group>"; };
		F2801EBB249E033700223B82 /* CollectionResponseData.swift */ = {isa = PBXFileReference; lastKnownFileType = sourcecode.swift; path = CollectionResponseData.swift; sourceTree = "<group>"; };
		F2801EBD249E037700223B82 /* CollectionData.swift */ = {isa = PBXFileReference; lastKnownFileType = sourcecode.swift; path = CollectionData.swift; sourceTree = "<group>"; };
		F285D993249D6D2100B0D87A /* TitleCustomView.swift */ = {isa = PBXFileReference; lastKnownFileType = sourcecode.swift; path = TitleCustomView.swift; sourceTree = "<group>"; };
		F285D995249D6DEA00B0D87A /* CharacterViewController.swift */ = {isa = PBXFileReference; lastKnownFileType = sourcecode.swift; path = CharacterViewController.swift; sourceTree = "<group>"; };
		F285D997249D6EAB00B0D87A /* CharacterCell.swift */ = {isa = PBXFileReference; lastKnownFileType = sourcecode.swift; path = CharacterCell.swift; sourceTree = "<group>"; };
		F285D999249D726200B0D87A /* DictionaryExtention.swift */ = {isa = PBXFileReference; lastKnownFileType = sourcecode.swift; path = DictionaryExtention.swift; sourceTree = "<group>"; };
		F285D99F249D7C6B00B0D87A /* CharacterViewModel.swift */ = {isa = PBXFileReference; lastKnownFileType = sourcecode.swift; path = CharacterViewModel.swift; sourceTree = "<group>"; };
/* End PBXFileReference section */

/* Begin PBXFrameworksBuildPhase section */
		F2114BAA249D23DB00B82B20 /* Frameworks */ = {
			isa = PBXFrameworksBuildPhase;
			buildActionMask = 2147483647;
			files = (
				4EA842C0DF187290FBE0DE4F /* Pods_Marvel_ITG.framework in Frameworks */,
			);
			runOnlyForDeploymentPostprocessing = 0;
		};
/* End PBXFrameworksBuildPhase section */

/* Begin PBXGroup section */
		002DCD0B6DBCE6C9D76ABE3F /* Frameworks */ = {
			isa = PBXGroup;
			children = (
				8E8C52712E7A553A7FD5DE2E /* Pods_Marvel_ITG.framework */,
			);
			name = Frameworks;
			sourceTree = "<group>";
		};
		A104E7C704C47F4D400763FE /* Pods */ = {
			isa = PBXGroup;
			children = (
				7D6D6F53D67638A29735842E /* Pods-Marvel_ITG.debug.xcconfig */,
				154254B9670E1BD7896846EC /* Pods-Marvel_ITG.release.xcconfig */,
			);
			path = Pods;
			sourceTree = "<group>";
		};
		F2114BA4249D23DB00B82B20 = {
			isa = PBXGroup;
			children = (
				F2114BAF249D23DB00B82B20 /* Marvel_ITG */,
				F2114BAE249D23DB00B82B20 /* Products */,
				A104E7C704C47F4D400763FE /* Pods */,
				002DCD0B6DBCE6C9D76ABE3F /* Frameworks */,
			);
			sourceTree = "<group>";
		};
		F2114BAE249D23DB00B82B20 /* Products */ = {
			isa = PBXGroup;
			children = (
				F2114BAD249D23DB00B82B20 /* Marvel_ITG.app */,
			);
			name = Products;
			sourceTree = "<group>";
		};
		F2114BAF249D23DB00B82B20 /* Marvel_ITG */ = {
			isa = PBXGroup;
			children = (
				F219F402249FB53D007517D1 /* AppDelegate */,
				F219F3FA249FA281007517D1 /* Realm */,
				F285D991249D6CCE00B0D87A /* Helpers */,
				F2114BD6249D583400B82B20 /* Extension */,
				F2114BC4249D348400B82B20 /* Network */,
				F2114BCD249D46AD00B82B20 /* Screens */,
				F219F409249FE972007517D1 /* Assets */,
				F219F403249FCDAE007517D1 /* Secrets.example.plist */,
				F219F405249FCDB9007517D1 /* Secrets.plist */,
				F2114BBE249D23DD00B82B20 /* Info.plist */,
			);
			path = Marvel_ITG;
			sourceTree = "<group>";
		};
		F2114BC4249D348400B82B20 /* Network */ = {
			isa = PBXGroup;
			children = (
				F2114BC5249D3EBC00B82B20 /* APIRouter.swift */,
				F2114BC7249D3ED400B82B20 /* APIClient.swift */,
				F2114BC9249D3EE400B82B20 /* Constants.swift */,
			);
			path = Network;
			sourceTree = "<group>";
		};
		F2114BCD249D46AD00B82B20 /* Screens */ = {
			isa = PBXGroup;
			children = (
				F25ACA17249F6EA700DF2D5A /* Search */,
				F2801EA7249DBF7B00223B82 /* Details */,
				F285D99B249D7BEC00B0D87A /* Characters */,
				F2114BCE249D46E300B82B20 /* RootViewController.swift */,
				F2114BD9249D5CDB00B82B20 /* SplashViewController.swift */,
				F2114BBB249D23DD00B82B20 /* LaunchScreen.storyboard */,
				F2114BDB249D5E0300B82B20 /* SplashScreen.storyboard */,
				F2114BB6249D23DB00B82B20 /* Main.storyboard */,
			);
			path = Screens;
			sourceTree = "<group>";
		};
		F2114BD6249D583400B82B20 /* Extension */ = {
			isa = PBXGroup;
			children = (
				F285D999249D726200B0D87A /* DictionaryExtention.swift */,
			);
			path = Extension;
			sourceTree = "<group>";
		};
		F219F3FA249FA281007517D1 /* Realm */ = {
			isa = PBXGroup;
			children = (
				F219F3FB249FA287007517D1 /* RealmClasses */,
				F219F3FE249FA359007517D1 /* RealmSingletoneManager.swift */,
			);
			path = Realm;
			sourceTree = "<group>";
		};
		F219F3FB249FA287007517D1 /* RealmClasses */ = {
			isa = PBXGroup;
			children = (
				F219F3FC249FA2A3007517D1 /* CharacterR.swift */,
				F219F400249FA5B0007517D1 /* ImageR.swift */,
			);
			path = RealmClasses;
			sourceTree = "<group>";
		};
		F219F402249FB53D007517D1 /* AppDelegate */ = {
			isa = PBXGroup;
			children = (
				F2114BB0249D23DB00B82B20 /* AppDelegate.swift */,
				F2114BB2249D23DB00B82B20 /* SceneDelegate.swift */,
			);
			path = AppDelegate;
			sourceTree = "<group>";
		};
		F219F409249FE972007517D1 /* Assets */ = {
			isa = PBXGroup;
			children = (
				F2114BB9249D23DD00B82B20 /* Assets.xcassets */,
			);
			path = Assets;
			sourceTree = "<group>";
		};
		F25ACA17249F6EA700DF2D5A /* Search */ = {
			isa = PBXGroup;
			children = (
				F25ACA1D249F70AE00DF2D5A /* ViewModel */,
				F25ACA18249F6F7C00DF2D5A /* View */,
			);
			path = Search;
			sourceTree = "<group>";
		};
		F25ACA18249F6F7C00DF2D5A /* View */ = {
			isa = PBXGroup;
			children = (
				F25ACA19249F6F9A00DF2D5A /* SearchViewController.swift */,
				F25ACA1B249F6FBF00DF2D5A /* SearchCell.swift */,
			);
			path = View;
			sourceTree = "<group>";
		};
		F25ACA1D249F70AE00DF2D5A /* ViewModel */ = {
			isa = PBXGroup;
			children = (
				F25ACA1E249F70C100DF2D5A /* SearchViewModel.swift */,
			);
			path = ViewModel;
			sourceTree = "<group>";
		};
		F2801EA7249DBF7B00223B82 /* Details */ = {
			isa = PBXGroup;
			children = (
				F2801EA8249DC6F100223B82 /* Model */,
				F2801EA9249DC6F800223B82 /* View */,
				F2801EAA249DC70300223B82 /* ViewModel */,
			);
			path = Details;
			sourceTree = "<group>";
		};
		F2801EA8249DC6F100223B82 /* Model */ = {
			isa = PBXGroup;
			children = (
				F2801EBB249E033700223B82 /* CollectionResponseData.swift */,
				F2801EBD249E037700223B82 /* CollectionData.swift */,
				F2114BD2249D4D7F00B82B20 /* ShowType.swift */,
			);
			path = Model;
			sourceTree = "<group>";
		};
		F2801EA9249DC6F800223B82 /* View */ = {
			isa = PBXGroup;
			children = (
				F2801EAB249DC73600223B82 /* DetailsViewController.swift */,
				F2801EAF249DC7F100223B82 /* DetailsHeaderView.swift */,
				F2801EB1249DDE4000223B82 /* ShowDetailsCell.swift */,
				F2801EB2249DDE4000223B82 /* ShowDetailsCell.xib */,
				F2801EB7249DEEB700223B82 /* ShowCell.swift */,
				F2801EB8249DEEB700223B82 /* ShowCell.xib */,
				F25ACA0F249F436A00DF2D5A /* ShowImageViewController.swift */,
				F25ACA13249F472900DF2D5A /* FullScreenImageCell.swift */,
			);
			path = View;
			sourceTree = "<group>";
		};
		F2801EAA249DC70300223B82 /* ViewModel */ = {
			isa = PBXGroup;
			children = (
				F2801EAD249DC76000223B82 /* DetailsViewModel.swift */,
				F25ACA11249F44A100DF2D5A /* ShowImageViewModel.swift */,
			);
			path = ViewModel;
			sourceTree = "<group>";
		};
		F285D991249D6CCE00B0D87A /* Helpers */ = {
			isa = PBXGroup;
			children = (
				F285D992249D6CD700B0D87A /* Components */,
				F285D993249D6D2100B0D87A /* TitleCustomView.swift */,
				F25ACA0D249F411800DF2D5A /* CardPagingLayout.swift */,
				F219F407249FCE4C007517D1 /* AccessToApiKeys.swift */,
			);
			path = Helpers;
			sourceTree = "<group>";
		};
		F285D992249D6CD700B0D87A /* Components */ = {
			isa = PBXGroup;
			children = (
				F25ACA15249F5F7500DF2D5A /* LoadingView.xib */,
			);
			path = Components;
			sourceTree = "<group>";
		};
		F285D99B249D7BEC00B0D87A /* Characters */ = {
			isa = PBXGroup;
			children = (
				F285D99D249D7C3700B0D87A /* Model */,
				F285D99C249D7C3000B0D87A /* View */,
				F285D99E249D7C4200B0D87A /* ViewModel */,
			);
			path = Characters;
			sourceTree = "<group>";
		};
		F285D99C249D7C3000B0D87A /* View */ = {
			isa = PBXGroup;
			children = (
				F285D995249D6DEA00B0D87A /* CharacterViewController.swift */,
				F285D997249D6EAB00B0D87A /* CharacterCell.swift */,
			);
			path = View;
			sourceTree = "<group>";
		};
		F285D99D249D7C3700B0D87A /* Model */ = {
			isa = PBXGroup;
			children = (
				F2801EA0249DAE2000223B82 /* CharacterResponse.swift */,
				F2801EA2249DAE4400223B82 /* CharacterData.swift */,
				F2114BD0249D4B6200B82B20 /* Character.swift */,
				F2801EA5249DB11F00223B82 /* ShowTypes.swift */,
				F2114BD4249D4DA200B82B20 /* Image.swift */,
			);
			path = Model;
			sourceTree = "<group>";
		};
		F285D99E249D7C4200B0D87A /* ViewModel */ = {
			isa = PBXGroup;
			children = (
				F285D99F249D7C6B00B0D87A /* CharacterViewModel.swift */,
			);
			path = ViewModel;
			sourceTree = "<group>";
		};
/* End PBXGroup section */

/* Begin PBXNativeTarget section */
		F2114BAC249D23DB00B82B20 /* Marvel_ITG */ = {
			isa = PBXNativeTarget;
			buildConfigurationList = F2114BC1249D23DD00B82B20 /* Build configuration list for PBXNativeTarget "Marvel_ITG" */;
			buildPhases = (
				B33E6816143EE581846730F6 /* [CP] Check Pods Manifest.lock */,
				F2114BA9249D23DB00B82B20 /* Sources */,
				F2114BAA249D23DB00B82B20 /* Frameworks */,
				F2114BAB249D23DB00B82B20 /* Resources */,
				00F79ADA890ED2DB7E2CD76D /* [CP] Embed Pods Frameworks */,
			);
			buildRules = (
			);
			dependencies = (
			);
			name = Marvel_ITG;
			productName = Marvel_ITG;
			productReference = F2114BAD249D23DB00B82B20 /* Marvel_ITG.app */;
			productType = "com.apple.product-type.application";
		};
/* End PBXNativeTarget section */

/* Begin PBXProject section */
		F2114BA5249D23DB00B82B20 /* Project object */ = {
			isa = PBXProject;
			attributes = {
				LastSwiftUpdateCheck = 1140;
				LastUpgradeCheck = 1140;
				TargetAttributes = {
					F2114BAC249D23DB00B82B20 = {
						CreatedOnToolsVersion = 11.4.1;
					};
				};
			};
			buildConfigurationList = F2114BA8249D23DB00B82B20 /* Build configuration list for PBXProject "Marvel_ITG" */;
			compatibilityVersion = "Xcode 9.3";
			developmentRegion = en;
			hasScannedForEncodings = 0;
			knownRegions = (
				en,
				Base,
			);
			mainGroup = F2114BA4249D23DB00B82B20;
			productRefGroup = F2114BAE249D23DB00B82B20 /* Products */;
			projectDirPath = "";
			projectRoot = "";
			targets = (
				F2114BAC249D23DB00B82B20 /* Marvel_ITG */,
			);
		};
/* End PBXProject section */

/* Begin PBXResourcesBuildPhase section */
		F2114BAB249D23DB00B82B20 /* Resources */ = {
			isa = PBXResourcesBuildPhase;
			buildActionMask = 2147483647;
			files = (
				F2801EBA249DEEB700223B82 /* ShowCell.xib in Resources */,
				F2114BBD249D23DD00B82B20 /* LaunchScreen.storyboard in Resources */,
				F219F404249FCDAE007517D1 /* Secrets.example.plist in Resources */,
				F2114BDC249D5E0300B82B20 /* SplashScreen.storyboard in Resources */,
				F219F406249FCDBA007517D1 /* Secrets.plist in Resources */,
				F2114BBA249D23DD00B82B20 /* Assets.xcassets in Resources */,
				F25ACA16249F5F7500DF2D5A /* LoadingView.xib in Resources */,
				F2801EB4249DDE4000223B82 /* ShowDetailsCell.xib in Resources */,
				F2114BB8249D23DB00B82B20 /* Main.storyboard in Resources */,
			);
			runOnlyForDeploymentPostprocessing = 0;
		};
/* End PBXResourcesBuildPhase section */

/* Begin PBXShellScriptBuildPhase section */
		00F79ADA890ED2DB7E2CD76D /* [CP] Embed Pods Frameworks */ = {
			isa = PBXShellScriptBuildPhase;
			buildActionMask = 2147483647;
			files = (
			);
			inputFileListPaths = (
				"${PODS_ROOT}/Target Support Files/Pods-Marvel_ITG/Pods-Marvel_ITG-frameworks-${CONFIGURATION}-input-files.xcfilelist",
			);
			name = "[CP] Embed Pods Frameworks";
			outputFileListPaths = (
				"${PODS_ROOT}/Target Support Files/Pods-Marvel_ITG/Pods-Marvel_ITG-frameworks-${CONFIGURATION}-output-files.xcfilelist",
			);
			runOnlyForDeploymentPostprocessing = 0;
			shellPath = /bin/sh;
			shellScript = "\"${PODS_ROOT}/Target Support Files/Pods-Marvel_ITG/Pods-Marvel_ITG-frameworks.sh\"\n";
			showEnvVarsInLog = 0;
		};
		B33E6816143EE581846730F6 /* [CP] Check Pods Manifest.lock */ = {
			isa = PBXShellScriptBuildPhase;
			buildActionMask = 2147483647;
			files = (
			);
			inputFileListPaths = (
			);
			inputPaths = (
				"${PODS_PODFILE_DIR_PATH}/Podfile.lock",
				"${PODS_ROOT}/Manifest.lock",
			);
			name = "[CP] Check Pods Manifest.lock";
			outputFileListPaths = (
			);
			outputPaths = (
				"$(DERIVED_FILE_DIR)/Pods-Marvel_ITG-checkManifestLockResult.txt",
			);
			runOnlyForDeploymentPostprocessing = 0;
			shellPath = /bin/sh;
			shellScript = "diff \"${PODS_PODFILE_DIR_PATH}/Podfile.lock\" \"${PODS_ROOT}/Manifest.lock\" > /dev/null\nif [ $? != 0 ] ; then\n    # print error to STDERR\n    echo \"error: The sandbox is not in sync with the Podfile.lock. Run 'pod install' or update your CocoaPods installation.\" >&2\n    exit 1\nfi\n# This output is used by Xcode 'outputs' to avoid re-running this script phase.\necho \"SUCCESS\" > \"${SCRIPT_OUTPUT_FILE_0}\"\n";
			showEnvVarsInLog = 0;
		};
/* End PBXShellScriptBuildPhase section */

/* Begin PBXSourcesBuildPhase section */
		F2114BA9249D23DB00B82B20 /* Sources */ = {
			isa = PBXSourcesBuildPhase;
			buildActionMask = 2147483647;
			files = (
				F25ACA1A249F6F9A00DF2D5A /* SearchViewController.swift in Sources */,
				F2801EA3249DAE4400223B82 /* CharacterData.swift in Sources */,
				F2114BC6249D3EBC00B82B20 /* APIRouter.swift in Sources */,
				F285D9A0249D7C6B00B0D87A /* CharacterViewModel.swift in Sources */,
				F219F401249FA5B0007517D1 /* ImageR.swift in Sources */,
				F2114BB1249D23DB00B82B20 /* AppDelegate.swift in Sources */,
				F285D996249D6DEA00B0D87A /* CharacterViewController.swift in Sources */,
				F2114BCF249D46E300B82B20 /* RootViewController.swift in Sources */,
				F2114BC8249D3ED400B82B20 /* APIClient.swift in Sources */,
				F25ACA12249F44A100DF2D5A /* ShowImageViewModel.swift in Sources */,
				F2801EAE249DC76000223B82 /* DetailsViewModel.swift in Sources */,
				F2114BB3249D23DB00B82B20 /* SceneDelegate.swift in Sources */,
				F2801EB3249DDE4000223B82 /* ShowDetailsCell.swift in Sources */,
				F25ACA1C249F6FBF00DF2D5A /* SearchCell.swift in Sources */,
				F2114BCA249D3EE400B82B20 /* Constants.swift in Sources */,
				F2114BD3249D4D7F00B82B20 /* ShowType.swift in Sources */,
				F219F3FD249FA2A3007517D1 /* CharacterR.swift in Sources */,
				F2801EBC249E033700223B82 /* CollectionResponseData.swift in Sources */,
				F25ACA10249F436A00DF2D5A /* ShowImageViewController.swift in Sources */,
				F25ACA0E249F411800DF2D5A /* CardPagingLayout.swift in Sources */,
				F25ACA1F249F70C100DF2D5A /* SearchViewModel.swift in Sources */,
				F285D99A249D726200B0D87A /* DictionaryExtention.swift in Sources */,
				F285D998249D6EAB00B0D87A /* CharacterCell.swift in Sources */,
				F285D994249D6D2100B0D87A /* TitleCustomView.swift in Sources */,
				F2801EAC249DC73600223B82 /* DetailsViewController.swift in Sources */,
				F2114BD1249D4B6200B82B20 /* Character.swift in Sources */,
				F219F3FF249FA359007517D1 /* RealmSingletoneManager.swift in Sources */,
				F219F408249FCE4D007517D1 /* AccessToApiKeys.swift in Sources */,
				F25ACA14249F472900DF2D5A /* FullScreenImageCell.swift in Sources */,
				F2114BD5249D4DA200B82B20 /* Image.swift in Sources */,
				F2801EBE249E037700223B82 /* CollectionData.swift in Sources */,
				F2801EA1249DAE2000223B82 /* CharacterResponse.swift in Sources */,
				F2801EB9249DEEB700223B82 /* ShowCell.swift in Sources */,
				F2801EB0249DC7F100223B82 /* DetailsHeaderView.swift in Sources */,
				F2114BDA249D5CDB00B82B20 /* SplashViewController.swift in Sources */,
				F2801EA6249DB11F00223B82 /* ShowTypes.swift in Sources */,
			);
			runOnlyForDeploymentPostprocessing = 0;
		};
/* End PBXSourcesBuildPhase section */

/* Begin PBXVariantGroup section */
		F2114BB6249D23DB00B82B20 /* Main.storyboard */ = {
			isa = PBXVariantGroup;
			children = (
				F2114BB7249D23DB00B82B20 /* Base */,
			);
			name = Main.storyboard;
			sourceTree = "<group>";
		};
		F2114BBB249D23DD00B82B20 /* LaunchScreen.storyboard */ = {
			isa = PBXVariantGroup;
			children = (
				F2114BBC249D23DD00B82B20 /* Base */,
			);
			name = LaunchScreen.storyboard;
			sourceTree = "<group>";
		};
/* End PBXVariantGroup section */

/* Begin XCBuildConfiguration section */
		F2114BBF249D23DD00B82B20 /* Debug */ = {
			isa = XCBuildConfiguration;
			buildSettings = {
				ALWAYS_SEARCH_USER_PATHS = NO;
				CLANG_ANALYZER_NONNULL = YES;
				CLANG_ANALYZER_NUMBER_OBJECT_CONVERSION = YES_AGGRESSIVE;
				CLANG_CXX_LANGUAGE_STANDARD = "gnu++14";
				CLANG_CXX_LIBRARY = "libc++";
				CLANG_ENABLE_MODULES = YES;
				CLANG_ENABLE_OBJC_ARC = YES;
				CLANG_ENABLE_OBJC_WEAK = YES;
				CLANG_WARN_BLOCK_CAPTURE_AUTORELEASING = YES;
				CLANG_WARN_BOOL_CONVERSION = YES;
				CLANG_WARN_COMMA = YES;
				CLANG_WARN_CONSTANT_CONVERSION = YES;
				CLANG_WARN_DEPRECATED_OBJC_IMPLEMENTATIONS = YES;
				CLANG_WARN_DIRECT_OBJC_ISA_USAGE = YES_ERROR;
				CLANG_WARN_DOCUMENTATION_COMMENTS = YES;
				CLANG_WARN_EMPTY_BODY = YES;
				CLANG_WARN_ENUM_CONVERSION = YES;
				CLANG_WARN_INFINITE_RECURSION = YES;
				CLANG_WARN_INT_CONVERSION = YES;
				CLANG_WARN_NON_LITERAL_NULL_CONVERSION = YES;
				CLANG_WARN_OBJC_IMPLICIT_RETAIN_SELF = YES;
				CLANG_WARN_OBJC_LITERAL_CONVERSION = YES;
				CLANG_WARN_OBJC_ROOT_CLASS = YES_ERROR;
				CLANG_WARN_RANGE_LOOP_ANALYSIS = YES;
				CLANG_WARN_STRICT_PROTOTYPES = YES;
				CLANG_WARN_SUSPICIOUS_MOVE = YES;
				CLANG_WARN_UNGUARDED_AVAILABILITY = YES_AGGRESSIVE;
				CLANG_WARN_UNREACHABLE_CODE = YES;
				CLANG_WARN__DUPLICATE_METHOD_MATCH = YES;
				COPY_PHASE_STRIP = NO;
				DEBUG_INFORMATION_FORMAT = dwarf;
				ENABLE_STRICT_OBJC_MSGSEND = YES;
				ENABLE_TESTABILITY = YES;
				GCC_C_LANGUAGE_STANDARD = gnu11;
				GCC_DYNAMIC_NO_PIC = NO;
				GCC_NO_COMMON_BLOCKS = YES;
				GCC_OPTIMIZATION_LEVEL = 0;
				GCC_PREPROCESSOR_DEFINITIONS = (
					"DEBUG=1",
					"$(inherited)",
				);
				GCC_WARN_64_TO_32_BIT_CONVERSION = YES;
				GCC_WARN_ABOUT_RETURN_TYPE = YES_ERROR;
				GCC_WARN_UNDECLARED_SELECTOR = YES;
				GCC_WARN_UNINITIALIZED_AUTOS = YES_AGGRESSIVE;
				GCC_WARN_UNUSED_FUNCTION = YES;
				GCC_WARN_UNUSED_VARIABLE = YES;
				IPHONEOS_DEPLOYMENT_TARGET = 13.4;
				MTL_ENABLE_DEBUG_INFO = INCLUDE_SOURCE;
				MTL_FAST_MATH = YES;
				ONLY_ACTIVE_ARCH = YES;
				SDKROOT = iphoneos;
				SWIFT_ACTIVE_COMPILATION_CONDITIONS = DEBUG;
				SWIFT_OPTIMIZATION_LEVEL = "-Onone";
			};
			name = Debug;
		};
		F2114BC0249D23DD00B82B20 /* Release */ = {
			isa = XCBuildConfiguration;
			buildSettings = {
				ALWAYS_SEARCH_USER_PATHS = NO;
				CLANG_ANALYZER_NONNULL = YES;
				CLANG_ANALYZER_NUMBER_OBJECT_CONVERSION = YES_AGGRESSIVE;
				CLANG_CXX_LANGUAGE_STANDARD = "gnu++14";
				CLANG_CXX_LIBRARY = "libc++";
				CLANG_ENABLE_MODULES = YES;
				CLANG_ENABLE_OBJC_ARC = YES;
				CLANG_ENABLE_OBJC_WEAK = YES;
				CLANG_WARN_BLOCK_CAPTURE_AUTORELEASING = YES;
				CLANG_WARN_BOOL_CONVERSION = YES;
				CLANG_WARN_COMMA = YES;
				CLANG_WARN_CONSTANT_CONVERSION = YES;
				CLANG_WARN_DEPRECATED_OBJC_IMPLEMENTATIONS = YES;
				CLANG_WARN_DIRECT_OBJC_ISA_USAGE = YES_ERROR;
				CLANG_WARN_DOCUMENTATION_COMMENTS = YES;
				CLANG_WARN_EMPTY_BODY = YES;
				CLANG_WARN_ENUM_CONVERSION = YES;
				CLANG_WARN_INFINITE_RECURSION = YES;
				CLANG_WARN_INT_CONVERSION = YES;
				CLANG_WARN_NON_LITERAL_NULL_CONVERSION = YES;
				CLANG_WARN_OBJC_IMPLICIT_RETAIN_SELF = YES;
				CLANG_WARN_OBJC_LITERAL_CONVERSION = YES;
				CLANG_WARN_OBJC_ROOT_CLASS = YES_ERROR;
				CLANG_WARN_RANGE_LOOP_ANALYSIS = YES;
				CLANG_WARN_STRICT_PROTOTYPES = YES;
				CLANG_WARN_SUSPICIOUS_MOVE = YES;
				CLANG_WARN_UNGUARDED_AVAILABILITY = YES_AGGRESSIVE;
				CLANG_WARN_UNREACHABLE_CODE = YES;
				CLANG_WARN__DUPLICATE_METHOD_MATCH = YES;
				COPY_PHASE_STRIP = NO;
				DEBUG_INFORMATION_FORMAT = "dwarf-with-dsym";
				ENABLE_NS_ASSERTIONS = NO;
				ENABLE_STRICT_OBJC_MSGSEND = YES;
				GCC_C_LANGUAGE_STANDARD = gnu11;
				GCC_NO_COMMON_BLOCKS = YES;
				GCC_WARN_64_TO_32_BIT_CONVERSION = YES;
				GCC_WARN_ABOUT_RETURN_TYPE = YES_ERROR;
				GCC_WARN_UNDECLARED_SELECTOR = YES;
				GCC_WARN_UNINITIALIZED_AUTOS = YES_AGGRESSIVE;
				GCC_WARN_UNUSED_FUNCTION = YES;
				GCC_WARN_UNUSED_VARIABLE = YES;
				IPHONEOS_DEPLOYMENT_TARGET = 13.4;
				MTL_ENABLE_DEBUG_INFO = NO;
				MTL_FAST_MATH = YES;
				SDKROOT = iphoneos;
				SWIFT_COMPILATION_MODE = wholemodule;
				SWIFT_OPTIMIZATION_LEVEL = "-O";
				VALIDATE_PRODUCT = YES;
			};
			name = Release;
		};
		F2114BC2249D23DD00B82B20 /* Debug */ = {
			isa = XCBuildConfiguration;
			baseConfigurationReference = 7D6D6F53D67638A29735842E /* Pods-Marvel_ITG.debug.xcconfig */;
			buildSettings = {
				ASSETCATALOG_COMPILER_APPICON_NAME = AppIcon;
				CODE_SIGN_STYLE = Automatic;
				DEVELOPMENT_TEAM = LGB62TRSZ6;
				INFOPLIST_FILE = Marvel_ITG/Info.plist;
				LD_RUNPATH_SEARCH_PATHS = (
					"$(inherited)",
					"@executable_path/Frameworks",
				);
				PRODUCT_BUNDLE_IDENTIFIER = "EM.Marvel-ITG";
				PRODUCT_NAME = "$(TARGET_NAME)";
				SWIFT_VERSION = 5.0;
				TARGETED_DEVICE_FAMILY = 1;
			};
			name = Debug;
		};
		F2114BC3249D23DD00B82B20 /* Release */ = {
			isa = XCBuildConfiguration;
			baseConfigurationReference = 154254B9670E1BD7896846EC /* Pods-Marvel_ITG.release.xcconfig */;
			buildSettings = {
				ASSETCATALOG_COMPILER_APPICON_NAME = AppIcon;
				CODE_SIGN_STYLE = Automatic;
				DEVELOPMENT_TEAM = LGB62TRSZ6;
				INFOPLIST_FILE = Marvel_ITG/Info.plist;
				LD_RUNPATH_SEARCH_PATHS = (
					"$(inherited)",
					"@executable_path/Frameworks",
				);
				PRODUCT_BUNDLE_IDENTIFIER = "EM.Marvel-ITG";
				PRODUCT_NAME = "$(TARGET_NAME)";
				SWIFT_VERSION = 5.0;
				TARGETED_DEVICE_FAMILY = 1;
			};
			name = Release;
		};
/* End XCBuildConfiguration section */

/* Begin XCConfigurationList section */
		F2114BA8249D23DB00B82B20 /* Build configuration list for PBXProject "Marvel_ITG" */ = {
			isa = XCConfigurationList;
			buildConfigurations = (
				F2114BBF249D23DD00B82B20 /* Debug */,
				F2114BC0249D23DD00B82B20 /* Release */,
			);
			defaultConfigurationIsVisible = 0;
			defaultConfigurationName = Release;
		};
		F2114BC1249D23DD00B82B20 /* Build configuration list for PBXNativeTarget "Marvel_ITG" */ = {
			isa = XCConfigurationList;
			buildConfigurations = (
				F2114BC2249D23DD00B82B20 /* Debug */,
				F2114BC3249D23DD00B82B20 /* Release */,
			);
			defaultConfigurationIsVisible = 0;
			defaultConfigurationName = Release;
		};
/* End XCConfigurationList section */
	};
	rootObject = F2114BA5249D23DB00B82B20 /* Project object */;
}
